{
  "name": "wedding_services_project",
  "version": "1.0.0",
  "description": "Wedding Services Project",
  "homepage": "https://eslamelawadi11-glitch.github.io/wedding_services_project",
  "scripts": {
    "dev": "vite",
    "build": "vite build",
    "preview": "vite preview",
    "predeploy": "vite build",
    "deploy": "gh-pages -d dist"
  },
  "dependencies": {
    "vue": "^3.3.4"
  },
  "devDependencies": {
    "vite": "^4.5.0",
    "tailwindcss": "^3.3.3",
    "gh-pages": "^5.0.0",
    "@vitejs/plugin-vue": "^4.3.0"
  }
}

